// !$*UTF8*$!
{
	archiveVersion = 1;
	classes = {
	};
	objectVersion = 46;
	objects = {

/* Begin PBXBuildFile section */
		3E3DC643C38ED08EA0D129B8 /* libPods-SimpleMusic.a in Frameworks */ = {isa = PBXBuildFile; fileRef = 7B194E35260F485978950C17 /* libPods-SimpleMusic.a */; };
		9310EF411D2CD3F700776910 /* MusicSearchCell.swift in Sources */ = {isa = PBXBuildFile; fileRef = 9310EF401D2CD3F700776910 /* MusicSearchCell.swift */; };
		9310EF431D2CDBB700776910 /* MusicListReusableView.swift in Sources */ = {isa = PBXBuildFile; fileRef = 9310EF421D2CDBB700776910 /* MusicListReusableView.swift */; };
		9310EF451D2CE11B00776910 /* MusicPlayerView.swift in Sources */ = {isa = PBXBuildFile; fileRef = 9310EF441D2CE11B00776910 /* MusicPlayerView.swift */; };
		9310EF471D2CE12900776910 /* MusicPlayerView.xib in Resources */ = {isa = PBXBuildFile; fileRef = 9310EF461D2CE12900776910 /* MusicPlayerView.xib */; };
		93153CB51D3F15F500899571 /* MusicModel.swift in Sources */ = {isa = PBXBuildFile; fileRef = 93153CB41D3F15F500899571 /* MusicModel.swift */; };
		93153CB71D3F663200899571 /* MusicListDetailViewController.swift in Sources */ = {isa = PBXBuildFile; fileRef = 93153CB61D3F663200899571 /* MusicListDetailViewController.swift */; };
		933564201D33464900A8F0B3 /* MusicTypeViewController.swift in Sources */ = {isa = PBXBuildFile; fileRef = 9335641F1D33464900A8F0B3 /* MusicTypeViewController.swift */; };
		933564221D33469600A8F0B3 /* MusicTypeCell.swift in Sources */ = {isa = PBXBuildFile; fileRef = 933564211D33469600A8F0B3 /* MusicTypeCell.swift */; };
		933564241D3346A900A8F0B3 /* MusicTypeReusableView.swift in Sources */ = {isa = PBXBuildFile; fileRef = 933564231D3346A900A8F0B3 /* MusicTypeReusableView.swift */; };
		933A28001D2556BC007541EB /* AppDelegate.swift in Sources */ = {isa = PBXBuildFile; fileRef = 933A27FF1D2556BC007541EB /* AppDelegate.swift */; };
		933A28051D2556BC007541EB /* Main.storyboard in Resources */ = {isa = PBXBuildFile; fileRef = 933A28031D2556BC007541EB /* Main.storyboard */; };
		933A28081D2556BC007541EB /* SimpleMusic.xcdatamodeld in Sources */ = {isa = PBXBuildFile; fileRef = 933A28061D2556BC007541EB /* SimpleMusic.xcdatamodeld */; };
		933A280A1D2556BC007541EB /* Assets.xcassets in Resources */ = {isa = PBXBuildFile; fileRef = 933A28091D2556BC007541EB /* Assets.xcassets */; };
		933A280D1D2556BC007541EB /* LaunchScreen.storyboard in Resources */ = {isa = PBXBuildFile; fileRef = 933A280B1D2556BC007541EB /* LaunchScreen.storyboard */; };
		933A28181D2556BD007541EB /* SimpleMusicTests.swift in Sources */ = {isa = PBXBuildFile; fileRef = 933A28171D2556BD007541EB /* SimpleMusicTests.swift */; };
		933A28231D2556BD007541EB /* SimpleMusicUITests.swift in Sources */ = {isa = PBXBuildFile; fileRef = 933A28221D2556BD007541EB /* SimpleMusicUITests.swift */; };
		936E2D421D40C07700C08134 /* SingleMusicModel.swift in Sources */ = {isa = PBXBuildFile; fileRef = 936E2D411D40C07700C08134 /* SingleMusicModel.swift */; };
		939F8D331D2B2AE0008BD9D6 /* RootViewController.swift in Sources */ = {isa = PBXBuildFile; fileRef = 939F8D321D2B2AE0008BD9D6 /* RootViewController.swift */; };
		939F8D4B1D2B2BAE008BD9D6 /* MineViewController.swift in Sources */ = {isa = PBXBuildFile; fileRef = 939F8D3E1D2B2BAE008BD9D6 /* MineViewController.swift */; };
		939F8D4C1D2B2BAE008BD9D6 /* MusicListViewController.swift in Sources */ = {isa = PBXBuildFile; fileRef = 939F8D431D2B2BAE008BD9D6 /* MusicListViewController.swift */; };
		939F8D4D1D2B2BAE008BD9D6 /* MusicSearchViewController.swift in Sources */ = {isa = PBXBuildFile; fileRef = 939F8D481D2B2BAE008BD9D6 /* MusicSearchViewController.swift */; };
		93EDAAC71D2B4BA800BF9211 /* MusicListCell.swift in Sources */ = {isa = PBXBuildFile; fileRef = 93EDAAC61D2B4BA800BF9211 /* MusicListCell.swift */; };
		93EDAACA1D2B565800BF9211 /* HttpHelper.swift in Sources */ = {isa = PBXBuildFile; fileRef = 93EDAAC91D2B565800BF9211 /* HttpHelper.swift */; };
/* End PBXBuildFile section */

/* Begin PBXContainerItemProxy section */
		933A28141D2556BD007541EB /* PBXContainerItemProxy */ = {
			isa = PBXContainerItemProxy;
			containerPortal = 933A27F41D2556BC007541EB /* Project object */;
			proxyType = 1;
			remoteGlobalIDString = 933A27FB1D2556BC007541EB;
			remoteInfo = SimpleMusic;
		};
		933A281F1D2556BD007541EB /* PBXContainerItemProxy */ = {
			isa = PBXContainerItemProxy;
			containerPortal = 933A27F41D2556BC007541EB /* Project object */;
			proxyType = 1;
			remoteGlobalIDString = 933A27FB1D2556BC007541EB;
			remoteInfo = SimpleMusic;
		};
/* End PBXContainerItemProxy section */

/* Begin PBXFileReference section */
		40C30E11C66994B386847F9D /* Pods-SimpleMusic.debug.xcconfig */ = {isa = PBXFileReference; includeInIndex = 1; lastKnownFileType = text.xcconfig; name = "Pods-SimpleMusic.debug.xcconfig"; path = "Pods/Target Support Files/Pods-SimpleMusic/Pods-SimpleMusic.debug.xcconfig"; sourceTree = "<group>"; };
		7186B1DF221A85282BA1EB09 /* Pods-SimpleMusic.release.xcconfig */ = {isa = PBXFileReference; includeInIndex = 1; lastKnownFileType = text.xcconfig; name = "Pods-SimpleMusic.release.xcconfig"; path = "Pods/Target Support Files/Pods-SimpleMusic/Pods-SimpleMusic.release.xcconfig"; sourceTree = "<group>"; };
		7B194E35260F485978950C17 /* libPods-SimpleMusic.a */ = {isa = PBXFileReference; explicitFileType = archive.ar; includeInIndex = 0; path = "libPods-SimpleMusic.a"; sourceTree = BUILT_PRODUCTS_DIR; };
		9310EF401D2CD3F700776910 /* MusicSearchCell.swift */ = {isa = PBXFileReference; fileEncoding = 4; lastKnownFileType = sourcecode.swift; path = MusicSearchCell.swift; sourceTree = "<group>"; };
		9310EF421D2CDBB700776910 /* MusicListReusableView.swift */ = {isa = PBXFileReference; fileEncoding = 4; lastKnownFileType = sourcecode.swift; path = MusicListReusableView.swift; sourceTree = "<group>"; };
		9310EF441D2CE11B00776910 /* MusicPlayerView.swift */ = {isa = PBXFileReference; fileEncoding = 4; lastKnownFileType = sourcecode.swift; path = MusicPlayerView.swift; sourceTree = "<group>"; };
		9310EF461D2CE12900776910 /* MusicPlayerView.xib */ = {isa = PBXFileReference; fileEncoding = 4; lastKnownFileType = file.xib; path = MusicPlayerView.xib; sourceTree = "<group>"; };
		93153CB41D3F15F500899571 /* MusicModel.swift */ = {isa = PBXFileReference; fileEncoding = 4; lastKnownFileType = sourcecode.swift; path = MusicModel.swift; sourceTree = "<group>"; };
		93153CB61D3F663200899571 /* MusicListDetailViewController.swift */ = {isa = PBXFileReference; fileEncoding = 4; lastKnownFileType = sourcecode.swift; path = MusicListDetailViewController.swift; sourceTree = "<group>"; };
		9335641F1D33464900A8F0B3 /* MusicTypeViewController.swift */ = {isa = PBXFileReference; fileEncoding = 4; lastKnownFileType = sourcecode.swift; path = MusicTypeViewController.swift; sourceTree = "<group>"; };
		933564211D33469600A8F0B3 /* MusicTypeCell.swift */ = {isa = PBXFileReference; fileEncoding = 4; lastKnownFileType = sourcecode.swift; path = MusicTypeCell.swift; sourceTree = "<group>"; };
		933564231D3346A900A8F0B3 /* MusicTypeReusableView.swift */ = {isa = PBXFileReference; fileEncoding = 4; lastKnownFileType = sourcecode.swift; path = MusicTypeReusableView.swift; sourceTree = "<group>"; };
		933A27FC1D2556BC007541EB /* SimpleMusic.app */ = {isa = PBXFileReference; explicitFileType = wrapper.application; includeInIndex = 0; path = SimpleMusic.app; sourceTree = BUILT_PRODUCTS_DIR; };
		933A27FF1D2556BC007541EB /* AppDelegate.swift */ = {isa = PBXFileReference; lastKnownFileType = sourcecode.swift; path = AppDelegate.swift; sourceTree = "<group>"; };
		933A28041D2556BC007541EB /* Base */ = {isa = PBXFileReference; lastKnownFileType = file.storyboard; name = Base; path = Base.lproj/Main.storyboard; sourceTree = "<group>"; };
		933A28071D2556BC007541EB /* SimpleMusic.xcdatamodel */ = {isa = PBXFileReference; lastKnownFileType = wrapper.xcdatamodel; path = SimpleMusic.xcdatamodel; sourceTree = "<group>"; };
		933A28091D2556BC007541EB /* Assets.xcassets */ = {isa = PBXFileReference; lastKnownFileType = folder.assetcatalog; path = Assets.xcassets; sourceTree = "<group>"; };
		933A280C1D2556BC007541EB /* Base */ = {isa = PBXFileReference; lastKnownFileType = file.storyboard; name = Base; path = Base.lproj/LaunchScreen.storyboard; sourceTree = "<group>"; };
		933A280E1D2556BC007541EB /* Info.plist */ = {isa = PBXFileReference; lastKnownFileType = text.plist.xml; path = Info.plist; sourceTree = "<group>"; };
		933A28131D2556BD007541EB /* SimpleMusicTests.xctest */ = {isa = PBXFileReference; explicitFileType = wrapper.cfbundle; includeInIndex = 0; path = SimpleMusicTests.xctest; sourceTree = BUILT_PRODUCTS_DIR; };
		933A28171D2556BD007541EB /* SimpleMusicTests.swift */ = {isa = PBXFileReference; lastKnownFileType = sourcecode.swift; path = SimpleMusicTests.swift; sourceTree = "<group>"; };
		933A28191D2556BD007541EB /* Info.plist */ = {isa = PBXFileReference; lastKnownFileType = text.plist.xml; path = Info.plist; sourceTree = "<group>"; };
		933A281E1D2556BD007541EB /* SimpleMusicUITests.xctest */ = {isa = PBXFileReference; explicitFileType = wrapper.cfbundle; includeInIndex = 0; path = SimpleMusicUITests.xctest; sourceTree = BUILT_PRODUCTS_DIR; };
		933A28221D2556BD007541EB /* SimpleMusicUITests.swift */ = {isa = PBXFileReference; lastKnownFileType = sourcecode.swift; path = SimpleMusicUITests.swift; sourceTree = "<group>"; };
		933A28241D2556BD007541EB /* Info.plist */ = {isa = PBXFileReference; lastKnownFileType = text.plist.xml; path = Info.plist; sourceTree = "<group>"; };
		936E2D411D40C07700C08134 /* SingleMusicModel.swift */ = {isa = PBXFileReference; fileEncoding = 4; lastKnownFileType = sourcecode.swift; path = SingleMusicModel.swift; sourceTree = "<group>"; };
		939F8D321D2B2AE0008BD9D6 /* RootViewController.swift */ = {isa = PBXFileReference; fileEncoding = 4; lastKnownFileType = sourcecode.swift; path = RootViewController.swift; sourceTree = "<group>"; };
		939F8D3E1D2B2BAE008BD9D6 /* MineViewController.swift */ = {isa = PBXFileReference; fileEncoding = 4; lastKnownFileType = sourcecode.swift; path = MineViewController.swift; sourceTree = "<group>"; };
		939F8D431D2B2BAE008BD9D6 /* MusicListViewController.swift */ = {isa = PBXFileReference; fileEncoding = 4; lastKnownFileType = sourcecode.swift; path = MusicListViewController.swift; sourceTree = "<group>"; };
		939F8D481D2B2BAE008BD9D6 /* MusicSearchViewController.swift */ = {isa = PBXFileReference; fileEncoding = 4; lastKnownFileType = sourcecode.swift; path = MusicSearchViewController.swift; sourceTree = "<group>"; };
		93EDAAC61D2B4BA800BF9211 /* MusicListCell.swift */ = {isa = PBXFileReference; fileEncoding = 4; lastKnownFileType = sourcecode.swift; path = MusicListCell.swift; sourceTree = "<group>"; };
		93EDAAC91D2B565800BF9211 /* HttpHelper.swift */ = {isa = PBXFileReference; fileEncoding = 4; lastKnownFileType = sourcecode.swift; path = HttpHelper.swift; sourceTree = "<group>"; };
		93EDAACB1D2B576E00BF9211 /* SimpleMusic.h */ = {isa = PBXFileReference; lastKnownFileType = sourcecode.c.h; path = SimpleMusic.h; sourceTree = "<group>"; };
/* End PBXFileReference section */

/* Begin PBXFrameworksBuildPhase section */
		933A27F91D2556BC007541EB /* Frameworks */ = {
			isa = PBXFrameworksBuildPhase;
			buildActionMask = 2147483647;
			files = (
				3E3DC643C38ED08EA0D129B8 /* libPods-SimpleMusic.a in Frameworks */,
			);
			runOnlyForDeploymentPostprocessing = 0;
		};
		933A28101D2556BD007541EB /* Frameworks */ = {
			isa = PBXFrameworksBuildPhase;
			buildActionMask = 2147483647;
			files = (
			);
			runOnlyForDeploymentPostprocessing = 0;
		};
		933A281B1D2556BD007541EB /* Frameworks */ = {
			isa = PBXFrameworksBuildPhase;
			buildActionMask = 2147483647;
			files = (
			);
			runOnlyForDeploymentPostprocessing = 0;
		};
/* End PBXFrameworksBuildPhase section */

/* Begin PBXGroup section */
		9310EF3E1D2CD3D900776910 /* Model */ = {
			isa = PBXGroup;
			children = (
				93153CB41D3F15F500899571 /* MusicModel.swift */,
			);
			path = Model;
			sourceTree = "<group>";
		};
		9310EF3F1D2CD3D900776910 /* View */ = {
			isa = PBXGroup;
			children = (
				9310EF401D2CD3F700776910 /* MusicSearchCell.swift */,
			);
			path = View;
			sourceTree = "<group>";
		};
		933A27F31D2556BC007541EB = {
			isa = PBXGroup;
			children = (
				933A27FE1D2556BC007541EB /* SimpleMusic */,
				933A28161D2556BD007541EB /* SimpleMusicTests */,
				933A28211D2556BD007541EB /* SimpleMusicUITests */,
				933A27FD1D2556BC007541EB /* Products */,
				EF4968F2AAECE120EB79E02F /* Pods */,
				F38C0D3A7D245E0B4DCC154C /* Frameworks */,
			);
			sourceTree = "<group>";
		};
		933A27FD1D2556BC007541EB /* Products */ = {
			isa = PBXGroup;
			children = (
				933A27FC1D2556BC007541EB /* SimpleMusic.app */,
				933A28131D2556BD007541EB /* SimpleMusicTests.xctest */,
				933A281E1D2556BD007541EB /* SimpleMusicUITests.xctest */,
			);
			name = Products;
			sourceTree = "<group>";
		};
		933A27FE1D2556BC007541EB /* SimpleMusic */ = {
			isa = PBXGroup;
			children = (
				933A27FF1D2556BC007541EB /* AppDelegate.swift */,
				939F8D321D2B2AE0008BD9D6 /* RootViewController.swift */,
				933A28031D2556BC007541EB /* Main.storyboard */,
				939F8D3C1D2B2BAE008BD9D6 /* Mine */,
				939F8D411D2B2BAE008BD9D6 /* MusicList */,
				939F8D461D2B2BAE008BD9D6 /* MusicSearch */,
				93EDAAC81D2B564300BF9211 /* Public */,
				933A28091D2556BC007541EB /* Assets.xcassets */,
				933A280B1D2556BC007541EB /* LaunchScreen.storyboard */,
				933A280E1D2556BC007541EB /* Info.plist */,
				93EDAACB1D2B576E00BF9211 /* SimpleMusic.h */,
				933A28061D2556BC007541EB /* SimpleMusic.xcdatamodeld */,
			);
			path = SimpleMusic;
			sourceTree = "<group>";
		};
		933A28161D2556BD007541EB /* SimpleMusicTests */ = {
			isa = PBXGroup;
			children = (
				933A28171D2556BD007541EB /* SimpleMusicTests.swift */,
				933A28191D2556BD007541EB /* Info.plist */,
			);
			path = SimpleMusicTests;
			sourceTree = "<group>";
		};
		933A28211D2556BD007541EB /* SimpleMusicUITests */ = {
			isa = PBXGroup;
			children = (
				933A28221D2556BD007541EB /* SimpleMusicUITests.swift */,
				933A28241D2556BD007541EB /* Info.plist */,
			);
			path = SimpleMusicUITests;
			sourceTree = "<group>";
		};
		93865F7F1D2B7C1B008E1EEC /* Model */ = {
			isa = PBXGroup;
			children = (
			);
			path = Model;
			sourceTree = "<group>";
		};
		939F8D3C1D2B2BAE008BD9D6 /* Mine */ = {
			isa = PBXGroup;
			children = (
				939F8D3D1D2B2BAE008BD9D6 /* Controller */,
				939F8D3F1D2B2BAE008BD9D6 /* Model */,
				939F8D401D2B2BAE008BD9D6 /* View */,
			);
			path = Mine;
			sourceTree = "<group>";
		};
		939F8D3D1D2B2BAE008BD9D6 /* Controller */ = {
			isa = PBXGroup;
			children = (
				939F8D3E1D2B2BAE008BD9D6 /* MineViewController.swift */,
			);
			path = Controller;
			sourceTree = "<group>";
		};
		939F8D3F1D2B2BAE008BD9D6 /* Model */ = {
			isa = PBXGroup;
			children = (
			);
			path = Model;
			sourceTree = "<group>";
		};
		939F8D401D2B2BAE008BD9D6 /* View */ = {
			isa = PBXGroup;
			children = (
			);
			path = View;
			sourceTree = "<group>";
		};
		939F8D411D2B2BAE008BD9D6 /* MusicList */ = {
			isa = PBXGroup;
			children = (
				939F8D421D2B2BAE008BD9D6 /* Controller */,
				93865F7F1D2B7C1B008E1EEC /* Model */,
				93EDAAC51D2B4B8F00BF9211 /* View */,
			);
			path = MusicList;
			sourceTree = "<group>";
		};
		939F8D421D2B2BAE008BD9D6 /* Controller */ = {
			isa = PBXGroup;
			children = (
				939F8D431D2B2BAE008BD9D6 /* MusicListViewController.swift */,
				9335641F1D33464900A8F0B3 /* MusicTypeViewController.swift */,
			);
			path = Controller;
			sourceTree = "<group>";
		};
		939F8D461D2B2BAE008BD9D6 /* MusicSearch */ = {
			isa = PBXGroup;
			children = (
				939F8D471D2B2BAE008BD9D6 /* Controller */,
				9310EF3E1D2CD3D900776910 /* Model */,
				9310EF3F1D2CD3D900776910 /* View */,
			);
			path = MusicSearch;
			sourceTree = "<group>";
		};
		939F8D471D2B2BAE008BD9D6 /* Controller */ = {
			isa = PBXGroup;
			children = (
				939F8D481D2B2BAE008BD9D6 /* MusicSearchViewController.swift */,
				93153CB61D3F663200899571 /* MusicListDetailViewController.swift */,
			);
			path = Controller;
			sourceTree = "<group>";
		};
		93EDAAC51D2B4B8F00BF9211 /* View */ = {
			isa = PBXGroup;
			children = (
				93EDAAC61D2B4BA800BF9211 /* MusicListCell.swift */,
				9310EF421D2CDBB700776910 /* MusicListReusableView.swift */,
				933564211D33469600A8F0B3 /* MusicTypeCell.swift */,
				933564231D3346A900A8F0B3 /* MusicTypeReusableView.swift */,
			);
			path = View;
			sourceTree = "<group>";
		};
		93EDAAC81D2B564300BF9211 /* Public */ = {
			isa = PBXGroup;
			children = (
				93EDAAC91D2B565800BF9211 /* HttpHelper.swift */,
				9310EF441D2CE11B00776910 /* MusicPlayerView.swift */,
				9310EF461D2CE12900776910 /* MusicPlayerView.xib */,
				936E2D411D40C07700C08134 /* SingleMusicModel.swift */,
			);
			path = Public;
			sourceTree = "<group>";
		};
		EF4968F2AAECE120EB79E02F /* Pods */ = {
			isa = PBXGroup;
			children = (
				40C30E11C66994B386847F9D /* Pods-SimpleMusic.debug.xcconfig */,
				7186B1DF221A85282BA1EB09 /* Pods-SimpleMusic.release.xcconfig */,
			);
			name = Pods;
			sourceTree = "<group>";
		};
		F38C0D3A7D245E0B4DCC154C /* Frameworks */ = {
			isa = PBXGroup;
			children = (
				7B194E35260F485978950C17 /* libPods-SimpleMusic.a */,
			);
			name = Frameworks;
			sourceTree = "<group>";
		};
/* End PBXGroup section */

/* Begin PBXNativeTarget section */
		933A27FB1D2556BC007541EB /* SimpleMusic */ = {
			isa = PBXNativeTarget;
			buildConfigurationList = 933A28271D2556BD007541EB /* Build configuration list for PBXNativeTarget "SimpleMusic" */;
			buildPhases = (
				959DB2219A4FC11AE58E4EA1 /* [CP] Check Pods Manifest.lock */,
				933A27F81D2556BC007541EB /* Sources */,
				933A27F91D2556BC007541EB /* Frameworks */,
				933A27FA1D2556BC007541EB /* Resources */,
				2CC2E8610987761155C94911 /* [CP] Embed Pods Frameworks */,
				EC0AC27375AEBE5ADCB8AFD9 /* [CP] Copy Pods Resources */,
			);
			buildRules = (
			);
			dependencies = (
			);
			name = SimpleMusic;
			productName = SimpleMusic;
			productReference = 933A27FC1D2556BC007541EB /* SimpleMusic.app */;
			productType = "com.apple.product-type.application";
		};
		933A28121D2556BD007541EB /* SimpleMusicTests */ = {
			isa = PBXNativeTarget;
			buildConfigurationList = 933A282A1D2556BD007541EB /* Build configuration list for PBXNativeTarget "SimpleMusicTests" */;
			buildPhases = (
				933A280F1D2556BD007541EB /* Sources */,
				933A28101D2556BD007541EB /* Frameworks */,
				933A28111D2556BD007541EB /* Resources */,
			);
			buildRules = (
			);
			dependencies = (
				933A28151D2556BD007541EB /* PBXTargetDependency */,
			);
			name = SimpleMusicTests;
			productName = SimpleMusicTests;
			productReference = 933A28131D2556BD007541EB /* SimpleMusicTests.xctest */;
			productType = "com.apple.product-type.bundle.unit-test";
		};
		933A281D1D2556BD007541EB /* SimpleMusicUITests */ = {
			isa = PBXNativeTarget;
			buildConfigurationList = 933A282D1D2556BD007541EB /* Build configuration list for PBXNativeTarget "SimpleMusicUITests" */;
			buildPhases = (
				933A281A1D2556BD007541EB /* Sources */,
				933A281B1D2556BD007541EB /* Frameworks */,
				933A281C1D2556BD007541EB /* Resources */,
			);
			buildRules = (
			);
			dependencies = (
				933A28201D2556BD007541EB /* PBXTargetDependency */,
			);
			name = SimpleMusicUITests;
			productName = SimpleMusicUITests;
			productReference = 933A281E1D2556BD007541EB /* SimpleMusicUITests.xctest */;
			productType = "com.apple.product-type.bundle.ui-testing";
		};
/* End PBXNativeTarget section */

/* Begin PBXProject section */
		933A27F41D2556BC007541EB /* Project object */ = {
			isa = PBXProject;
			attributes = {
				LastSwiftUpdateCheck = 0730;
				LastUpgradeCheck = 0730;
				ORGANIZATIONNAME = "薛焱";
				TargetAttributes = {
					933A27FB1D2556BC007541EB = {
						CreatedOnToolsVersion = 7.3.1;
					};
					933A28121D2556BD007541EB = {
						CreatedOnToolsVersion = 7.3.1;
						TestTargetID = 933A27FB1D2556BC007541EB;
					};
					933A281D1D2556BD007541EB = {
						CreatedOnToolsVersion = 7.3.1;
						TestTargetID = 933A27FB1D2556BC007541EB;
					};
				};
			};
			buildConfigurationList = 933A27F71D2556BC007541EB /* Build configuration list for PBXProject "SimpleMusic" */;
			compatibilityVersion = "Xcode 3.2";
			developmentRegion = English;
			hasScannedForEncodings = 0;
			knownRegions = (
				en,
				Base,
			);
			mainGroup = 933A27F31D2556BC007541EB;
			productRefGroup = 933A27FD1D2556BC007541EB /* Products */;
			projectDirPath = "";
			projectRoot = "";
			targets = (
				933A27FB1D2556BC007541EB /* SimpleMusic */,
				933A28121D2556BD007541EB /* SimpleMusicTests */,
				933A281D1D2556BD007541EB /* SimpleMusicUITests */,
			);
		};
/* End PBXProject section */

/* Begin PBXResourcesBuildPhase section */
		933A27FA1D2556BC007541EB /* Resources */ = {
			isa = PBXResourcesBuildPhase;
			buildActionMask = 2147483647;
			files = (
				933A280D1D2556BC007541EB /* LaunchScreen.storyboard in Resources */,
				9310EF471D2CE12900776910 /* MusicPlayerView.xib in Resources */,
				933A280A1D2556BC007541EB /* Assets.xcassets in Resources */,
				933A28051D2556BC007541EB /* Main.storyboard in Resources */,
			);
			runOnlyForDeploymentPostprocessing = 0;
		};
		933A28111D2556BD007541EB /* Resources */ = {
			isa = PBXResourcesBuildPhase;
			buildActionMask = 2147483647;
			files = (
			);
			runOnlyForDeploymentPostprocessing = 0;
		};
		933A281C1D2556BD007541EB /* Resources */ = {
			isa = PBXResourcesBuildPhase;
			buildActionMask = 2147483647;
			files = (
			);
			runOnlyForDeploymentPostprocessing = 0;
		};
/* End PBXResourcesBuildPhase section */

/* Begin PBXShellScriptBuildPhase section */
		2CC2E8610987761155C94911 /* [CP] Embed Pods Frameworks */ = {
			isa = PBXShellScriptBuildPhase;
			buildActionMask = 2147483647;
			files = (
			);
			inputPaths = (
			);
			name = "[CP] Embed Pods Frameworks";
			outputPaths = (
			);
			runOnlyForDeploymentPostprocessing = 0;
			shellPath = /bin/sh;
			shellScript = "\"${SRCROOT}/Pods/Target Support Files/Pods-SimpleMusic/Pods-SimpleMusic-frameworks.sh\"\n";
			showEnvVarsInLog = 0;
		};
		959DB2219A4FC11AE58E4EA1 /* [CP] Check Pods Manifest.lock */ = {
			isa = PBXShellScriptBuildPhase;
			buildActionMask = 2147483647;
			files = (
			);
			inputPaths = (
			);
			name = "[CP] Check Pods Manifest.lock";
			outputPaths = (
			);
			runOnlyForDeploymentPostprocessing = 0;
			shellPath = /bin/sh;
			shellScript = "diff \"${PODS_ROOT}/../Podfile.lock\" \"${PODS_ROOT}/Manifest.lock\" > /dev/null\nif [[ $? != 0 ]] ; then\n    cat << EOM\nerror: The sandbox is not in sync with the Podfile.lock. Run 'pod install' or update your CocoaPods installation.\nEOM\n    exit 1\nfi\n";
			showEnvVarsInLog = 0;
		};
		EC0AC27375AEBE5ADCB8AFD9 /* [CP] Copy Pods Resources */ = {
			isa = PBXShellScriptBuildPhase;
			buildActionMask = 2147483647;
			files = (
			);
			inputPaths = (
			);
			name = "[CP] Copy Pods Resources";
			outputPaths = (
			);
			runOnlyForDeploymentPostprocessing = 0;
			shellPath = /bin/sh;
			shellScript = "\"${SRCROOT}/Pods/Target Support Files/Pods-SimpleMusic/Pods-SimpleMusic-resources.sh\"\n";
			showEnvVarsInLog = 0;
		};
/* End PBXShellScriptBuildPhase section */

/* Begin PBXSourcesBuildPhase section */
		933A27F81D2556BC007541EB /* Sources */ = {
			isa = PBXSourcesBuildPhase;
			buildActionMask = 2147483647;
			files = (
				933A28081D2556BC007541EB /* SimpleMusic.xcdatamodeld in Sources */,
				9310EF411D2CD3F700776910 /* MusicSearchCell.swift in Sources */,
				9310EF431D2CDBB700776910 /* MusicListReusableView.swift in Sources */,
				933A28001D2556BC007541EB /* AppDelegate.swift in Sources */,
				93EDAAC71D2B4BA800BF9211 /* MusicListCell.swift in Sources */,
				93153CB71D3F663200899571 /* MusicListDetailViewController.swift in Sources */,
				93EDAACA1D2B565800BF9211 /* HttpHelper.swift in Sources */,
				939F8D4B1D2B2BAE008BD9D6 /* MineViewController.swift in Sources */,
				933564221D33469600A8F0B3 /* MusicTypeCell.swift in Sources */,
				939F8D4C1D2B2BAE008BD9D6 /* MusicListViewController.swift in Sources */,
				936E2D421D40C07700C08134 /* SingleMusicModel.swift in Sources */,
				939F8D331D2B2AE0008BD9D6 /* RootViewController.swift in Sources */,
				93153CB51D3F15F500899571 /* MusicModel.swift in Sources */,
				933564241D3346A900A8F0B3 /* MusicTypeReusableView.swift in Sources */,
				9310EF451D2CE11B00776910 /* MusicPlayerView.swift in Sources */,
				939F8D4D1D2B2BAE008BD9D6 /* MusicSearchViewController.swift in Sources */,
				933564201D33464900A8F0B3 /* MusicTypeViewController.swift in Sources */,
			);
			runOnlyForDeploymentPostprocessing = 0;
		};
		933A280F1D2556BD007541EB /* Sources */ = {
			isa = PBXSourcesBuildPhase;
			buildActionMask = 2147483647;
			files = (
				933A28181D2556BD007541EB /* SimpleMusicTests.swift in Sources */,
			);
			runOnlyForDeploymentPostprocessing = 0;
		};
		933A281A1D2556BD007541EB /* Sources */ = {
			isa = PBXSourcesBuildPhase;
			buildActionMask = 2147483647;
			files = (
				933A28231D2556BD007541EB /* SimpleMusicUITests.swift in Sources */,
			);
			runOnlyForDeploymentPostprocessing = 0;
		};
/* End PBXSourcesBuildPhase section */

/* Begin PBXTargetDependency section */
		933A28151D2556BD007541EB /* PBXTargetDependency */ = {
			isa = PBXTargetDependency;
			target = 933A27FB1D2556BC007541EB /* SimpleMusic */;
			targetProxy = 933A28141D2556BD007541EB /* PBXContainerItemProxy */;
		};
		933A28201D2556BD007541EB /* PBXTargetDependency */ = {
			isa = PBXTargetDependency;
			target = 933A27FB1D2556BC007541EB /* SimpleMusic */;
			targetProxy = 933A281F1D2556BD007541EB /* PBXContainerItemProxy */;
		};
/* End PBXTargetDependency section */

/* Begin PBXVariantGroup section */
		933A28031D2556BC007541EB /* Main.storyboard */ = {
			isa = PBXVariantGroup;
			children = (
				933A28041D2556BC007541EB /* Base */,
			);
			name = Main.storyboard;
			sourceTree = "<group>";
		};
		933A280B1D2556BC007541EB /* LaunchScreen.storyboard */ = {
			isa = PBXVariantGroup;
			children = (
				933A280C1D2556BC007541EB /* Base */,
			);
			name = LaunchScreen.storyboard;
			sourceTree = "<group>";
		};
/* End PBXVariantGroup section */

/* Begin XCBuildConfiguration section */
		933A28251D2556BD007541EB /* Debug */ = {
			isa = XCBuildConfiguration;
			buildSettings = {
				ALWAYS_SEARCH_USER_PATHS = NO;
				CLANG_ANALYZER_NONNULL = YES;
				CLANG_CXX_LANGUAGE_STANDARD = "gnu++0x";
				CLANG_CXX_LIBRARY = "libc++";
				CLANG_ENABLE_MODULES = YES;
				CLANG_ENABLE_OBJC_ARC = YES;
				CLANG_WARN_BOOL_CONVERSION = YES;
				CLANG_WARN_CONSTANT_CONVERSION = YES;
				CLANG_WARN_DIRECT_OBJC_ISA_USAGE = YES_ERROR;
				CLANG_WARN_EMPTY_BODY = YES;
				CLANG_WARN_ENUM_CONVERSION = YES;
				CLANG_WARN_INT_CONVERSION = YES;
				CLANG_WARN_OBJC_ROOT_CLASS = YES_ERROR;
				CLANG_WARN_UNREACHABLE_CODE = YES;
				CLANG_WARN__DUPLICATE_METHOD_MATCH = YES;
				"CODE_SIGN_IDENTITY[sdk=iphoneos*]" = "iPhone Developer";
				COPY_PHASE_STRIP = NO;
				DEBUG_INFORMATION_FORMAT = dwarf;
				ENABLE_STRICT_OBJC_MSGSEND = YES;
				ENABLE_TESTABILITY = YES;
				GCC_C_LANGUAGE_STANDARD = gnu99;
				GCC_DYNAMIC_NO_PIC = NO;
				GCC_NO_COMMON_BLOCKS = YES;
				GCC_OPTIMIZATION_LEVEL = 0;
				GCC_PREPROCESSOR_DEFINITIONS = (
					"DEBUG=1",
					"$(inherited)",
				);
				GCC_WARN_64_TO_32_BIT_CONVERSION = YES;
				GCC_WARN_ABOUT_RETURN_TYPE = YES_ERROR;
				GCC_WARN_UNDECLARED_SELECTOR = YES;
				GCC_WARN_UNINITIALIZED_AUTOS = YES_AGGRESSIVE;
				GCC_WARN_UNUSED_FUNCTION = YES;
				GCC_WARN_UNUSED_VARIABLE = YES;
				IPHONEOS_DEPLOYMENT_TARGET = 9.3;
				MTL_ENABLE_DEBUG_INFO = YES;
				ONLY_ACTIVE_ARCH = YES;
				SDKROOT = iphoneos;
				SWIFT_OPTIMIZATION_LEVEL = "-Onone";
				TARGETED_DEVICE_FAMILY = "1,2";
			};
			name = Debug;
		};
		933A28261D2556BD007541EB /* Release */ = {
			isa = XCBuildConfiguration;
			buildSettings = {
				ALWAYS_SEARCH_USER_PATHS = NO;
				CLANG_ANALYZER_NONNULL = YES;
				CLANG_CXX_LANGUAGE_STANDARD = "gnu++0x";
				CLANG_CXX_LIBRARY = "libc++";
				CLANG_ENABLE_MODULES = YES;
				CLANG_ENABLE_OBJC_ARC = YES;
				CLANG_WARN_BOOL_CONVERSION = YES;
				CLANG_WARN_CONSTANT_CONVERSION = YES;
				CLANG_WARN_DIRECT_OBJC_ISA_USAGE = YES_ERROR;
				CLANG_WARN_EMPTY_BODY = YES;
				CLANG_WARN_ENUM_CONVERSION = YES;
				CLANG_WARN_INT_CONVERSION = YES;
				CLANG_WARN_OBJC_ROOT_CLASS = YES_ERROR;
				CLANG_WARN_UNREACHABLE_CODE = YES;
				CLANG_WARN__DUPLICATE_METHOD_MATCH = YES;
				"CODE_SIGN_IDENTITY[sdk=iphoneos*]" = "iPhone Developer";
				COPY_PHASE_STRIP = NO;
				DEBUG_INFORMATION_FORMAT = "dwarf-with-dsym";
				ENABLE_NS_ASSERTIONS = NO;
				ENABLE_STRICT_OBJC_MSGSEND = YES;
				GCC_C_LANGUAGE_STANDARD = gnu99;
				GCC_NO_COMMON_BLOCKS = YES;
				GCC_WARN_64_TO_32_BIT_CONVERSION = YES;
				GCC_WARN_ABOUT_RETURN_TYPE = YES_ERROR;
				GCC_WARN_UNDECLARED_SELECTOR = YES;
				GCC_WARN_UNINITIALIZED_AUTOS = YES_AGGRESSIVE;
				GCC_WARN_UNUSED_FUNCTION = YES;
				GCC_WARN_UNUSED_VARIABLE = YES;
				IPHONEOS_DEPLOYMENT_TARGET = 9.3;
				MTL_ENABLE_DEBUG_INFO = NO;
				SDKROOT = iphoneos;
				TARGETED_DEVICE_FAMILY = "1,2";
				VALIDATE_PRODUCT = YES;
			};
			name = Release;
		};
		933A28281D2556BD007541EB /* Debug */ = {
			isa = XCBuildConfiguration;
			baseConfigurationReference = 40C30E11C66994B386847F9D /* Pods-SimpleMusic.debug.xcconfig */;
			buildSettings = {
				ASSETCATALOG_COMPILER_APPICON_NAME = AppIcon;
				INFOPLIST_FILE = SimpleMusic/Info.plist;
				LD_RUNPATH_SEARCH_PATHS = "$(inherited) @executable_path/Frameworks";
				PRODUCT_BUNDLE_IDENTIFIER = com.xueyan.SimpleMusic;
				PRODUCT_NAME = "$(TARGET_NAME)";
				SWIFT_OBJC_BRIDGING_HEADER = "$(SRCROOT)/SimpleMusic/SimpleMusic.h";
			};
			name = Debug;
		};
		933A28291D2556BD007541EB /* Release */ = {
			isa = XCBuildConfiguration;
			baseConfigurationReference = 7186B1DF221A85282BA1EB09 /* Pods-SimpleMusic.release.xcconfig */;
			buildSettings = {
				ASSETCATALOG_COMPILER_APPICON_NAME = AppIcon;
				INFOPLIST_FILE = SimpleMusic/Info.plist;
				LD_RUNPATH_SEARCH_PATHS = "$(inherited) @executable_path/Frameworks";
				PRODUCT_BUNDLE_IDENTIFIER = com.xueyan.SimpleMusic;
				PRODUCT_NAME = "$(TARGET_NAME)";
				SWIFT_OBJC_BRIDGING_HEADER = "$(SRCROOT)/SimpleMusic/SimpleMusic.h";
			};
			name = Release;
		};
		933A282B1D2556BD007541EB /* Debug */ = {
			isa = XCBuildConfiguration;
			buildSettings = {
				BUNDLE_LOADER = "$(TEST_HOST)";
				INFOPLIST_FILE = SimpleMusicTests/Info.plist;
				LD_RUNPATH_SEARCH_PATHS = "$(inherited) @executable_path/Frameworks @loader_path/Frameworks";
				PRODUCT_BUNDLE_IDENTIFIER = com.xueyan.SimpleMusicTests;
				PRODUCT_NAME = "$(TARGET_NAME)";
				TEST_HOST = "$(BUILT_PRODUCTS_DIR)/SimpleMusic.app/SimpleMusic";
			};
			name = Debug;
		};
		933A282C1D2556BD007541EB /* Release */ = {
			isa = XCBuildConfiguration;
			buildSettings = {
				BUNDLE_LOADER = "$(TEST_HOST)";
				INFOPLIST_FILE = SimpleMusicTests/Info.plist;
				LD_RUNPATH_SEARCH_PATHS = "$(inherited) @executable_path/Frameworks @loader_path/Frameworks";
				PRODUCT_BUNDLE_IDENTIFIER = com.xueyan.SimpleMusicTests;
				PRODUCT_NAME = "$(TARGET_NAME)";
				TEST_HOST = "$(BUILT_PRODUCTS_DIR)/SimpleMusic.app/SimpleMusic";
			};
			name = Release;
		};
		933A282E1D2556BD007541EB /* Debug */ = {
			isa = XCBuildConfiguration;
			buildSettings = {
				INFOPLIST_FILE = SimpleMusicUITests/Info.plist;
				LD_RUNPATH_SEARCH_PATHS = "$(inherited) @executable_path/Frameworks @loader_path/Frameworks";
				PRODUCT_BUNDLE_IDENTIFIER = com.xueyan.SimpleMusicUITests;
				PRODUCT_NAME = "$(TARGET_NAME)";
				TEST_TARGET_NAME = SimpleMusic;
			};
			name = Debug;
		};
		933A282F1D2556BD007541EB /* Release */ = {
			isa = XCBuildConfiguration;
			buildSettings = {
				INFOPLIST_FILE = SimpleMusicUITests/Info.plist;
				LD_RUNPATH_SEARCH_PATHS = "$(inherited) @executable_path/Frameworks @loader_path/Frameworks";
				PRODUCT_BUNDLE_IDENTIFIER = com.xueyan.SimpleMusicUITests;
				PRODUCT_NAME = "$(TARGET_NAME)";
				TEST_TARGET_NAME = SimpleMusic;
			};
			name = Release;
		};
/* End XCBuildConfiguration section */

/* Begin XCConfigurationList section */
		933A27F71D2556BC007541EB /* Build configuration list for PBXProject "SimpleMusic" */ = {
			isa = XCConfigurationList;
			buildConfigurations = (
				933A28251D2556BD007541EB /* Debug */,
				933A28261D2556BD007541EB /* Release */,
			);
			defaultConfigurationIsVisible = 0;
			defaultConfigurationName = Release;
		};
		933A28271D2556BD007541EB /* Build configuration list for PBXNativeTarget "SimpleMusic" */ = {
			isa = XCConfigurationList;
			buildConfigurations = (
				933A28281D2556BD007541EB /* Debug */,
				933A28291D2556BD007541EB /* Release */,
			);
			defaultConfigurationIsVisible = 0;
			defaultConfigurationName = Release;
		};
		933A282A1D2556BD007541EB /* Build configuration list for PBXNativeTarget "SimpleMusicTests" */ = {
			isa = XCConfigurationList;
			buildConfigurations = (
				933A282B1D2556BD007541EB /* Debug */,
				933A282C1D2556BD007541EB /* Release */,
			);
			defaultConfigurationIsVisible = 0;
			defaultConfigurationName = Release;
		};
		933A282D1D2556BD007541EB /* Build configuration list for PBXNativeTarget "SimpleMusicUITests" */ = {
			isa = XCConfigurationList;
			buildConfigurations = (
				933A282E1D2556BD007541EB /* Debug */,
				933A282F1D2556BD007541EB /* Release */,
			);
			defaultConfigurationIsVisible = 0;
			defaultConfigurationName = Release;
		};
/* End XCConfigurationList section */

/* Begin XCVersionGroup section */
		933A28061D2556BC007541EB /* SimpleMusic.xcdatamodeld */ = {
			isa = XCVersionGroup;
			children = (
				933A28071D2556BC007541EB /* SimpleMusic.xcdatamodel */,
			);
			currentVersion = 933A28071D2556BC007541EB /* SimpleMusic.xcdatamodel */;
			path = SimpleMusic.xcdatamodeld;
			sourceTree = "<group>";
			versionGroupType = wrapper.xcdatamodel;
		};
/* End XCVersionGroup section */
	};
	rootObject = 933A27F41D2556BC007541EB /* Project object */;
}
