// !$*UTF8*$!
{
	archiveVersion = 1;
	classes = {
	};
	objectVersion = 46;
	objects = {

/* Begin PBXBuildFile section */
		933A28001D2556BC007541EB /* AppDelegate.swift in Sources */ = {isa = PBXBuildFile; fileRef = 933A27FF1D2556BC007541EB /* AppDelegate.swift */; };
		933A28021D2556BC007541EB /* ViewController.swift in Sources */ = {isa = PBXBuildFile; fileRef = 933A28011D2556BC007541EB /* ViewController.swift */; };
		933A28051D2556BC007541EB /* Main.storyboard in Resources */ = {isa = PBXBuildFile; fileRef = 933A28031D2556BC007541EB /* Main.storyboard */; };
		933A28081D2556BC007541EB /* SimpleMusic.xcdatamodeld in Sources */ = {isa = PBXBuildFile; fileRef = 933A28061D2556BC007541EB /* SimpleMusic.xcdatamodeld */; };
		933A280A1D2556BC007541EB /* Assets.xcassets in Resources */ = {isa = PBXBuildFile; fileRef = 933A28091D2556BC007541EB /* Assets.xcassets */; };
		933A280D1D2556BC007541EB /* LaunchScreen.storyboard in Resources */ = {isa = PBXBuildFile; fileRef = 933A280B1D2556BC007541EB /* LaunchScreen.storyboard */; };
		933A28181D2556BD007541EB /* SimpleMusicTests.swift in Sources */ = {isa = PBXBuildFile; fileRef = 933A28171D2556BD007541EB /* SimpleMusicTests.swift */; };
		933A28231D2556BD007541EB /* SimpleMusicUITests.swift in Sources */ = {isa = PBXBuildFile; fileRef = 933A28221D2556BD007541EB /* SimpleMusicUITests.swift */; };
/* End PBXBuildFile section */

/* Begin PBXContainerItemProxy section */
		933A28141D2556BD007541EB /* PBXContainerItemProxy */ = {
			isa = PBXContainerItemProxy;
			containerPortal = 933A27F41D2556BC007541EB /* Project object */;
			proxyType = 1;
			remoteGlobalIDString = 933A27FB1D2556BC007541EB;
			remoteInfo = SimpleMusic;
		};
		933A281F1D2556BD007541EB /* PBXContainerItemProxy */ = {
			isa = PBXContainerItemProxy;
			containerPortal = 933A27F41D2556BC007541EB /* Project object */;
			proxyType = 1;
			remoteGlobalIDString = 933A27FB1D2556BC007541EB;
			remoteInfo = SimpleMusic;
		};
/* End PBXContainerItemProxy section */

/* Begin PBXFileReference section */
		933A27FC1D2556BC007541EB /* SimpleMusic.app */ = {isa = PBXFileReference; explicitFileType = wrapper.application; includeInIndex = 0; path = SimpleMusic.app; sourceTree = BUILT_PRODUCTS_DIR; };
		933A27FF1D2556BC007541EB /* AppDelegate.swift */ = {isa = PBXFileReference; lastKnownFileType = sourcecode.swift; path = AppDelegate.swift; sourceTree = "<group>"; };
		933A28011D2556BC007541EB /* ViewController.swift */ = {isa = PBXFileReference; lastKnownFileType = sourcecode.swift; path = ViewController.swift; sourceTree = "<group>"; };
		933A28041D2556BC007541EB /* Base */ = {isa = PBXFileReference; lastKnownFileType = file.storyboard; name = Base; path = Base.lproj/Main.storyboard; sourceTree = "<group>"; };
		933A28071D2556BC007541EB /* SimpleMusic.xcdatamodel */ = {isa = PBXFileReference; lastKnownFileType = wrapper.xcdatamodel; path = SimpleMusic.xcdatamodel; sourceTree = "<group>"; };
		933A28091D2556BC007541EB /* Assets.xcassets */ = {isa = PBXFileReference; lastKnownFileType = folder.assetcatalog; path = Assets.xcassets; sourceTree = "<group>"; };
		933A280C1D2556BC007541EB /* Base */ = {isa = PBXFileReference; lastKnownFileType = file.storyboard; name = Base; path = Base.lproj/LaunchScreen.storyboard; sourceTree = "<group>"; };
		933A280E1D2556BC007541EB /* Info.plist */ = {isa = PBXFileReference; lastKnownFileType = text.plist.xml; path = Info.plist; sourceTree = "<group>"; };
		933A28131D2556BD007541EB /* SimpleMusicTests.xctest */ = {isa = PBXFileReference; explicitFileType = wrapper.cfbundle; includeInIndex = 0; path = SimpleMusicTests.xctest; sourceTree = BUILT_PRODUCTS_DIR; };
		933A28171D2556BD007541EB /* SimpleMusicTests.swift */ = {isa = PBXFileReference; lastKnownFileType = sourcecode.swift; path = SimpleMusicTests.swift; sourceTree = "<group>"; };
		933A28191D2556BD007541EB /* Info.plist */ = {isa = PBXFileReference; lastKnownFileType = text.plist.xml; path = Info.plist; sourceTree = "<group>"; };
		933A281E1D2556BD007541EB /* SimpleMusicUITests.xctest */ = {isa = PBXFileReference; explicitFileType = wrapper.cfbundle; includeInIndex = 0; path = SimpleMusicUITests.xctest; sourceTree = BUILT_PRODUCTS_DIR; };
		933A28221D2556BD007541EB /* SimpleMusicUITests.swift */ = {isa = PBXFileReference; lastKnownFileType = sourcecode.swift; path = SimpleMusicUITests.swift; sourceTree = "<group>"; };
		933A28241D2556BD007541EB /* Info.plist */ = {isa = PBXFileReference; lastKnownFileType = text.plist.xml; path = Info.plist; sourceTree = "<group>"; };
/* End PBXFileReference section */

/* Begin PBXFrameworksBuildPhase section */
		933A27F91D2556BC007541EB /* Frameworks */ = {
			isa = PBXFrameworksBuildPhase;
			buildActionMask = 2147483647;
			files = (
			);
			runOnlyForDeploymentPostprocessing = 0;
		};
		933A28101D2556BD007541EB /* Frameworks */ = {
			isa = PBXFrameworksBuildPhase;
			buildActionMask = 2147483647;
			files = (
			);
			runOnlyForDeploymentPostprocessing = 0;
		};
		933A281B1D2556BD007541EB /* Frameworks */ = {
			isa = PBXFrameworksBuildPhase;
			buildActionMask = 2147483647;
			files = (
			);
			runOnlyForDeploymentPostprocessing = 0;
		};
/* End PBXFrameworksBuildPhase section */

/* Begin PBXGroup section */
		933A27F31D2556BC007541EB = {
			isa = PBXGroup;
			children = (
				933A27FE1D2556BC007541EB /* SimpleMusic */,
				933A28161D2556BD007541EB /* SimpleMusicTests */,
				933A28211D2556BD007541EB /* SimpleMusicUITests */,
				933A27FD1D2556BC007541EB /* Products */,
			);
			sourceTree = "<group>";
		};
		933A27FD1D2556BC007541EB /* Products */ = {
			isa = PBXGroup;
			children = (
				933A27FC1D2556BC007541EB /* SimpleMusic.app */,
				933A28131D2556BD007541EB /* SimpleMusicTests.xctest */,
				933A281E1D2556BD007541EB /* SimpleMusicUITests.xctest */,
			);
			name = Products;
			sourceTree = "<group>";
		};
		933A27FE1D2556BC007541EB /* SimpleMusic */ = {
			isa = PBXGroup;
			children = (
				933A27FF1D2556BC007541EB /* AppDelegate.swift */,
				933A28011D2556BC007541EB /* ViewController.swift */,
				933A28031D2556BC007541EB /* Main.storyboard */,
				933A28091D2556BC007541EB /* Assets.xcassets */,
				933A280B1D2556BC007541EB /* LaunchScreen.storyboard */,
				933A280E1D2556BC007541EB /* Info.plist */,
				933A28061D2556BC007541EB /* SimpleMusic.xcdatamodeld */,
			);
			path = SimpleMusic;
			sourceTree = "<group>";
		};
		933A28161D2556BD007541EB /* SimpleMusicTests */ = {
			isa = PBXGroup;
			children = (
				933A28171D2556BD007541EB /* SimpleMusicTests.swift */,
				933A28191D2556BD007541EB /* Info.plist */,
			);
			path = SimpleMusicTests;
			sourceTree = "<group>";
		};
		933A28211D2556BD007541EB /* SimpleMusicUITests */ = {
			isa = PBXGroup;
			children = (
				933A28221D2556BD007541EB /* SimpleMusicUITests.swift */,
				933A28241D2556BD007541EB /* Info.plist */,
			);
			path = SimpleMusicUITests;
			sourceTree = "<group>";
		};
/* End PBXGroup section */

/* Begin PBXNativeTarget section */
		933A27FB1D2556BC007541EB /* SimpleMusic */ = {
			isa = PBXNativeTarget;
			buildConfigurationList = 933A28271D2556BD007541EB /* Build configuration list for PBXNativeTarget "SimpleMusic" */;
			buildPhases = (
				933A27F81D2556BC007541EB /* Sources */,
				933A27F91D2556BC007541EB /* Frameworks */,
				933A27FA1D2556BC007541EB /* Resources */,
			);
			buildRules = (
			);
			dependencies = (
			);
			name = SimpleMusic;
			productName = SimpleMusic;
			productReference = 933A27FC1D2556BC007541EB /* SimpleMusic.app */;
			productType = "com.apple.product-type.application";
		};
		933A28121D2556BD007541EB /* SimpleMusicTests */ = {
			isa = PBXNativeTarget;
			buildConfigurationList = 933A282A1D2556BD007541EB /* Build configuration list for PBXNativeTarget "SimpleMusicTests" */;
			buildPhases = (
				933A280F1D2556BD007541EB /* Sources */,
				933A28101D2556BD007541EB /* Frameworks */,
				933A28111D2556BD007541EB /* Resources */,
			);
			buildRules = (
			);
			dependencies = (
				933A28151D2556BD007541EB /* PBXTargetDependency */,
			);
			name = SimpleMusicTests;
			productName = SimpleMusicTests;
			productReference = 933A28131D2556BD007541EB /* SimpleMusicTests.xctest */;
			productType = "com.apple.product-type.bundle.unit-test";
		};
		933A281D1D2556BD007541EB /* SimpleMusicUITests */ = {
			isa = PBXNativeTarget;
			buildConfigurationList = 933A282D1D2556BD007541EB /* Build configuration list for PBXNativeTarget "SimpleMusicUITests" */;
			buildPhases = (
				933A281A1D2556BD007541EB /* Sources */,
				933A281B1D2556BD007541EB /* Frameworks */,
				933A281C1D2556BD007541EB /* Resources */,
			);
			buildRules = (
			);
			dependencies = (
				933A28201D2556BD007541EB /* PBXTargetDependency */,
			);
			name = SimpleMusicUITests;
			productName = SimpleMusicUITests;
			productReference = 933A281E1D2556BD007541EB /* SimpleMusicUITests.xctest */;
			productType = "com.apple.product-type.bundle.ui-testing";
		};
/* End PBXNativeTarget section */

/* Begin PBXProject section */
		933A27F41D2556BC007541EB /* Project object */ = {
			isa = PBXProject;
			attributes = {
				LastSwiftUpdateCheck = 0730;
				LastUpgradeCheck = 0730;
				ORGANIZATIONNAME = "薛焱";
				TargetAttributes = {
					933A27FB1D2556BC007541EB = {
						CreatedOnToolsVersion = 7.3.1;
					};
					933A28121D2556BD007541EB = {
						CreatedOnToolsVersion = 7.3.1;
						TestTargetID = 933A27FB1D2556BC007541EB;
					};
					933A281D1D2556BD007541EB = {
						CreatedOnToolsVersion = 7.3.1;
						TestTargetID = 933A27FB1D2556BC007541EB;
					};
				};
			};
			buildConfigurationList = 933A27F71D2556BC007541EB /* Build configuration list for PBXProject "SimpleMusic" */;
			compatibilityVersion = "Xcode 3.2";
			developmentRegion = English;
			hasScannedForEncodings = 0;
			knownRegions = (
				en,
				Base,
			);
			mainGroup = 933A27F31D2556BC007541EB;
			productRefGroup = 933A27FD1D2556BC007541EB /* Products */;
			projectDirPath = "";
			projectRoot = "";
			targets = (
				933A27FB1D2556BC007541EB /* SimpleMusic */,
				933A28121D2556BD007541EB /* SimpleMusicTests */,
				933A281D1D2556BD007541EB /* SimpleMusicUITests */,
			);
		};
/* End PBXProject section */

/* Begin PBXResourcesBuildPhase section */
		933A27FA1D2556BC007541EB /* Resources */ = {
			isa = PBXResourcesBuildPhase;
			buildActionMask = 2147483647;
			files = (
				933A280D1D2556BC007541EB /* LaunchScreen.storyboard in Resources */,
				933A280A1D2556BC007541EB /* Assets.xcassets in Resources */,
				933A28051D2556BC007541EB /* Main.storyboard in Resources */,
			);
			runOnlyForDeploymentPostprocessing = 0;
		};
		933A28111D2556BD007541EB /* Resources */ = {
			isa = PBXResourcesBuildPhase;
			buildActionMask = 2147483647;
			files = (
			);
			runOnlyForDeploymentPostprocessing = 0;
		};
		933A281C1D2556BD007541EB /* Resources */ = {
			isa = PBXResourcesBuildPhase;
			buildActionMask = 2147483647;
			files = (
			);
			runOnlyForDeploymentPostprocessing = 0;
		};
/* End PBXResourcesBuildPhase section */

/* Begin PBXSourcesBuildPhase section */
		933A27F81D2556BC007541EB /* Sources */ = {
			isa = PBXSourcesBuildPhase;
			buildActionMask = 2147483647;
			files = (
				933A28021D2556BC007541EB /* ViewController.swift in Sources */,
				933A28081D2556BC007541EB /* SimpleMusic.xcdatamodeld in Sources */,
				933A28001D2556BC007541EB /* AppDelegate.swift in Sources */,
			);
			runOnlyForDeploymentPostprocessing = 0;
		};
		933A280F1D2556BD007541EB /* Sources */ = {
			isa = PBXSourcesBuildPhase;
			buildActionMask = 2147483647;
			files = (
				933A28181D2556BD007541EB /* SimpleMusicTests.swift in Sources */,
			);
			runOnlyForDeploymentPostprocessing = 0;
		};
		933A281A1D2556BD007541EB /* Sources */ = {
			isa = PBXSourcesBuildPhase;
			buildActionMask = 2147483647;
			files = (
				933A28231D2556BD007541EB /* SimpleMusicUITests.swift in Sources */,
			);
			runOnlyForDeploymentPostprocessing = 0;
		};
/* End PBXSourcesBuildPhase section */

/* Begin PBXTargetDependency section */
		933A28151D2556BD007541EB /* PBXTargetDependency */ = {
			isa = PBXTargetDependency;
			target = 933A27FB1D2556BC007541EB /* SimpleMusic */;
			targetProxy = 933A28141D2556BD007541EB /* PBXContainerItemProxy */;
		};
		933A28201D2556BD007541EB /* PBXTargetDependency */ = {
			isa = PBXTargetDependency;
			target = 933A27FB1D2556BC007541EB /* SimpleMusic */;
			targetProxy = 933A281F1D2556BD007541EB /* PBXContainerItemProxy */;
		};
/* End PBXTargetDependency section */

/* Begin PBXVariantGroup section */
		933A28031D2556BC007541EB /* Main.storyboard */ = {
			isa = PBXVariantGroup;
			children = (
				933A28041D2556BC007541EB /* Base */,
			);
			name = Main.storyboard;
			sourceTree = "<group>";
		};
		933A280B1D2556BC007541EB /* LaunchScreen.storyboard */ = {
			isa = PBXVariantGroup;
			children = (
				933A280C1D2556BC007541EB /* Base */,
			);
			name = LaunchScreen.storyboard;
			sourceTree = "<group>";
		};
/* End PBXVariantGroup section */

/* Begin XCBuildConfiguration section */
		933A28251D2556BD007541EB /* Debug */ = {
			isa = XCBuildConfiguration;
			buildSettings = {
				ALWAYS_SEARCH_USER_PATHS = NO;
				CLANG_ANALYZER_NONNULL = YES;
				CLANG_CXX_LANGUAGE_STANDARD = "gnu++0x";
				CLANG_CXX_LIBRARY = "libc++";
				CLANG_ENABLE_MODULES = YES;
				CLANG_ENABLE_OBJC_ARC = YES;
				CLANG_WARN_BOOL_CONVERSION = YES;
				CLANG_WARN_CONSTANT_CONVERSION = YES;
				CLANG_WARN_DIRECT_OBJC_ISA_USAGE = YES_ERROR;
				CLANG_WARN_EMPTY_BODY = YES;
				CLANG_WARN_ENUM_CONVERSION = YES;
				CLANG_WARN_INT_CONVERSION = YES;
				CLANG_WARN_OBJC_ROOT_CLASS = YES_ERROR;
				CLANG_WARN_UNREACHABLE_CODE = YES;
				CLANG_WARN__DUPLICATE_METHOD_MATCH = YES;
				"CODE_SIGN_IDENTITY[sdk=iphoneos*]" = "iPhone Developer";
				COPY_PHASE_STRIP = NO;
				DEBUG_INFORMATION_FORMAT = dwarf;
				ENABLE_STRICT_OBJC_MSGSEND = YES;
				ENABLE_TESTABILITY = YES;
				GCC_C_LANGUAGE_STANDARD = gnu99;
				GCC_DYNAMIC_NO_PIC = NO;
				GCC_NO_COMMON_BLOCKS = YES;
				GCC_OPTIMIZATION_LEVEL = 0;
				GCC_PREPROCESSOR_DEFINITIONS = (
					"DEBUG=1",
					"$(inherited)",
				);
				GCC_WARN_64_TO_32_BIT_CONVERSION = YES;
				GCC_WARN_ABOUT_RETURN_TYPE = YES_ERROR;
				GCC_WARN_UNDECLARED_SELECTOR = YES;
				GCC_WARN_UNINITIALIZED_AUTOS = YES_AGGRESSIVE;
				GCC_WARN_UNUSED_FUNCTION = YES;
				GCC_WARN_UNUSED_VARIABLE = YES;
				IPHONEOS_DEPLOYMENT_TARGET = 9.3;
				MTL_ENABLE_DEBUG_INFO = YES;
				ONLY_ACTIVE_ARCH = YES;
				SDKROOT = iphoneos;
				SWIFT_OPTIMIZATION_LEVEL = "-Onone";
				TARGETED_DEVICE_FAMILY = "1,2";
			};
			name = Debug;
		};
		933A28261D2556BD007541EB /* Release */ = {
			isa = XCBuildConfiguration;
			buildSettings = {
				ALWAYS_SEARCH_USER_PATHS = NO;
				CLANG_ANALYZER_NONNULL = YES;
				CLANG_CXX_LANGUAGE_STANDARD = "gnu++0x";
				CLANG_CXX_LIBRARY = "libc++";
				CLANG_ENABLE_MODULES = YES;
				CLANG_ENABLE_OBJC_ARC = YES;
				CLANG_WARN_BOOL_CONVERSION = YES;
				CLANG_WARN_CONSTANT_CONVERSION = YES;
				CLANG_WARN_DIRECT_OBJC_ISA_USAGE = YES_ERROR;
				CLANG_WARN_EMPTY_BODY = YES;
				CLANG_WARN_ENUM_CONVERSION = YES;
				CLANG_WARN_INT_CONVERSION = YES;
				CLANG_WARN_OBJC_ROOT_CLASS = YES_ERROR;
				CLANG_WARN_UNREACHABLE_CODE = YES;
				CLANG_WARN__DUPLICATE_METHOD_MATCH = YES;
				"CODE_SIGN_IDENTITY[sdk=iphoneos*]" = "iPhone Developer";
				COPY_PHASE_STRIP = NO;
				DEBUG_INFORMATION_FORMAT = "dwarf-with-dsym";
				ENABLE_NS_ASSERTIONS = NO;
				ENABLE_STRICT_OBJC_MSGSEND = YES;
				GCC_C_LANGUAGE_STANDARD = gnu99;
				GCC_NO_COMMON_BLOCKS = YES;
				GCC_WARN_64_TO_32_BIT_CONVERSION = YES;
				GCC_WARN_ABOUT_RETURN_TYPE = YES_ERROR;
				GCC_WARN_UNDECLARED_SELECTOR = YES;
				GCC_WARN_UNINITIALIZED_AUTOS = YES_AGGRESSIVE;
				GCC_WARN_UNUSED_FUNCTION = YES;
				GCC_WARN_UNUSED_VARIABLE = YES;
				IPHONEOS_DEPLOYMENT_TARGET = 9.3;
				MTL_ENABLE_DEBUG_INFO = NO;
				SDKROOT = iphoneos;
				TARGETED_DEVICE_FAMILY = "1,2";
				VALIDATE_PRODUCT = YES;
			};
			name = Release;
		};
		933A28281D2556BD007541EB /* Debug */ = {
			isa = XCBuildConfiguration;
			buildSettings = {
				ASSETCATALOG_COMPILER_APPICON_NAME = AppIcon;
				INFOPLIST_FILE = SimpleMusic/Info.plist;
				LD_RUNPATH_SEARCH_PATHS = "$(inherited) @executable_path/Frameworks";
				PRODUCT_BUNDLE_IDENTIFIER = com.xueyan.SimpleMusic;
				PRODUCT_NAME = "$(TARGET_NAME)";
			};
			name = Debug;
		};
		933A28291D2556BD007541EB /* Release */ = {
			isa = XCBuildConfiguration;
			buildSettings = {
				ASSETCATALOG_COMPILER_APPICON_NAME = AppIcon;
				INFOPLIST_FILE = SimpleMusic/Info.plist;
				LD_RUNPATH_SEARCH_PATHS = "$(inherited) @executable_path/Frameworks";
				PRODUCT_BUNDLE_IDENTIFIER = com.xueyan.SimpleMusic;
				PRODUCT_NAME = "$(TARGET_NAME)";
			};
			name = Release;
		};
		933A282B1D2556BD007541EB /* Debug */ = {
			isa = XCBuildConfiguration;
			buildSettings = {
				BUNDLE_LOADER = "$(TEST_HOST)";
				INFOPLIST_FILE = SimpleMusicTests/Info.plist;
				LD_RUNPATH_SEARCH_PATHS = "$(inherited) @executable_path/Frameworks @loader_path/Frameworks";
				PRODUCT_BUNDLE_IDENTIFIER = com.xueyan.SimpleMusicTests;
				PRODUCT_NAME = "$(TARGET_NAME)";
				TEST_HOST = "$(BUILT_PRODUCTS_DIR)/SimpleMusic.app/SimpleMusic";
			};
			name = Debug;
		};
		933A282C1D2556BD007541EB /* Release */ = {
			isa = XCBuildConfiguration;
			buildSettings = {
				BUNDLE_LOADER = "$(TEST_HOST)";
				INFOPLIST_FILE = SimpleMusicTests/Info.plist;
				LD_RUNPATH_SEARCH_PATHS = "$(inherited) @executable_path/Frameworks @loader_path/Frameworks";
				PRODUCT_BUNDLE_IDENTIFIER = com.xueyan.SimpleMusicTests;
				PRODUCT_NAME = "$(TARGET_NAME)";
				TEST_HOST = "$(BUILT_PRODUCTS_DIR)/SimpleMusic.app/SimpleMusic";
			};
			name = Release;
		};
		933A282E1D2556BD007541EB /* Debug */ = {
			isa = XCBuildConfiguration;
			buildSettings = {
				INFOPLIST_FILE = SimpleMusicUITests/Info.plist;
				LD_RUNPATH_SEARCH_PATHS = "$(inherited) @executable_path/Frameworks @loader_path/Frameworks";
				PRODUCT_BUNDLE_IDENTIFIER = com.xueyan.SimpleMusicUITests;
				PRODUCT_NAME = "$(TARGET_NAME)";
				TEST_TARGET_NAME = SimpleMusic;
			};
			name = Debug;
		};
		933A282F1D2556BD007541EB /* Release */ = {
			isa = XCBuildConfiguration;
			buildSettings = {
				INFOPLIST_FILE = SimpleMusicUITests/Info.plist;
				LD_RUNPATH_SEARCH_PATHS = "$(inherited) @executable_path/Frameworks @loader_path/Frameworks";
				PRODUCT_BUNDLE_IDENTIFIER = com.xueyan.SimpleMusicUITests;
				PRODUCT_NAME = "$(TARGET_NAME)";
				TEST_TARGET_NAME = SimpleMusic;
			};
			name = Release;
		};
/* End XCBuildConfiguration section */

/* Begin XCConfigurationList section */
		933A27F71D2556BC007541EB /* Build configuration list for PBXProject "SimpleMusic" */ = {
			isa = XCConfigurationList;
			buildConfigurations = (
				933A28251D2556BD007541EB /* Debug */,
				933A28261D2556BD007541EB /* Release */,
			);
			defaultConfigurationIsVisible = 0;
			defaultConfigurationName = Release;
		};
		933A28271D2556BD007541EB /* Build configuration list for PBXNativeTarget "SimpleMusic" */ = {
			isa = XCConfigurationList;
			buildConfigurations = (
				933A28281D2556BD007541EB /* Debug */,
				933A28291D2556BD007541EB /* Release */,
			);
			defaultConfigurationIsVisible = 0;
		};
		933A282A1D2556BD007541EB /* Build configuration list for PBXNativeTarget "SimpleMusicTests" */ = {
			isa = XCConfigurationList;
			buildConfigurations = (
				933A282B1D2556BD007541EB /* Debug */,
				933A282C1D2556BD007541EB /* Release */,
			);
			defaultConfigurationIsVisible = 0;
		};
		933A282D1D2556BD007541EB /* Build configuration list for PBXNativeTarget "SimpleMusicUITests" */ = {
			isa = XCConfigurationList;
			buildConfigurations = (
				933A282E1D2556BD007541EB /* Debug */,
				933A282F1D2556BD007541EB /* Release */,
			);
			defaultConfigurationIsVisible = 0;
		};
/* End XCConfigurationList section */

/* Begin XCVersionGroup section */
		933A28061D2556BC007541EB /* SimpleMusic.xcdatamodeld */ = {
			isa = XCVersionGroup;
			children = (
				933A28071D2556BC007541EB /* SimpleMusic.xcdatamodel */,
			);
			currentVersion = 933A28071D2556BC007541EB /* SimpleMusic.xcdatamodel */;
			path = SimpleMusic.xcdatamodeld;
			sourceTree = "<group>";
			versionGroupType = wrapper.xcdatamodel;
		};
/* End XCVersionGroup section */
	};
	rootObject = 933A27F41D2556BC007541EB /* Project object */;
}
